
Microsoft Visual Studio Solution File, Format Version 12.00
# Visual Studio Version 16
VisualStudioVersion = 16.0.31729.503
MinimumVisualStudioVersion = 10.0.40219.1
Project("{FAE04EC0-301F-11D3-BF4B-00C04F79EFBC}") = "BeforeChanges", "HandsOnSolidUnicamp\BeforeChanges.csproj", "{FE63A8AA-926C-4CD9-9878-0618D8B52B38}"
EndProject
Project("{FAE04EC0-301F-11D3-BF4B-00C04F79EFBC}") = "AfterChanges", "AfterChanges\AfterChanges.csproj", "{2C9EDF30-ACBE-47E3-A7C5-2471CA9ECC5A}"
EndProject
Global
	GlobalSection(SolutionConfigurationPlatforms) = preSolution
		Debug|Any CPU = Debug|Any CPU
		Release|Any CPU = Release|Any CPU
	EndGlobalSection
	GlobalSection(ProjectConfigurationPlatforms) = postSolution
		{FE63A8AA-926C-4CD9-9878-0618D8B52B38}.Debug|Any CPU.ActiveCfg = Debug|Any CPU
		{FE63A8AA-926C-4CD9-9878-0618D8B52B38}.Debug|Any CPU.Build.0 = Debug|Any CPU
		{FE63A8AA-926C-4CD9-9878-0618D8B52B38}.Release|Any CPU.ActiveCfg = Release|Any CPU
		{FE63A8AA-926C-4CD9-9878-0618D8B52B38}.Release|Any CPU.Build.0 = Release|Any CPU
		{2C9EDF30-ACBE-47E3-A7C5-2471CA9ECC5A}.Debug|Any CPU.ActiveCfg = Debug|Any CPU
		{2C9EDF30-ACBE-47E3-A7C5-2471CA9ECC5A}.Debug|Any CPU.Build.0 = Debug|Any CPU
		{2C9EDF30-ACBE-47E3-A7C5-2471CA9ECC5A}.Release|Any CPU.ActiveCfg = Release|Any CPU
		{2C9EDF30-ACBE-47E3-A7C5-2471CA9ECC5A}.Release|Any CPU.Build.0 = Release|Any CPU
	EndGlobalSection
	GlobalSection(SolutionProperties) = preSolution
		HideSolutionNode = FALSE
	EndGlobalSection
	GlobalSection(ExtensibilityGlobals) = postSolution
		SolutionGuid = {2F95D7F0-089F-4CF6-8C59-98AC2295E758}
	EndGlobalSection
EndGlobal
